Microsoft Visual Studio Solution File, Format Version 12.00
# Visual Studio Version 17
VisualStudioVersion = 17.0.31611.283
MinimumVisualStudioVersion = 10.0.40219.1
Project("{9A19103F-16F7-4668-BE54-9A1E7A4F7556}") = "MauiBlazorTwitterTest", "MauiBlazorTwitterTest\MauiBlazorTwitterTest.csproj", "{846ACBDF-5F55-4C74-AF12-2BC1EA21AF8A}"
EndProject
Global
	GlobalSection(SolutionConfigurationPlatforms) = preSolution
		Debug|Any CPU = Debug|Any CPU
		Release|Any CPU = Release|Any CPU
	EndGlobalSection
	GlobalSection(ProjectConfigurationPlatforms) = postSolution
		{846ACBDF-5F55-4C74-AF12-2BC1EA21AF8A}.Debug|Any CPU.ActiveCfg = Debug|Any CPU
		{846ACBDF-5F55-4C74-AF12-2BC1EA21AF8A}.Debug|Any CPU.Build.0 = Debug|Any CPU
		{846ACBDF-5F55-4C74-AF12-2BC1EA21AF8A}.Debug|Any CPU.Deploy.0 = Debug|Any CPU
		{846ACBDF-5F55-4C74-AF12-2BC1EA21AF8A}.Release|Any CPU.ActiveCfg = Release|Any CPU
		{846ACBDF-5F55-4C74-AF12-2BC1EA21AF8A}.Release|Any CPU.Build.0 = Release|Any CPU
		{846ACBDF-5F55-4C74-AF12-2BC1EA21AF8A}.Release|Any CPU.Deploy.0 = Release|Any CPU
	EndGlobalSection
	GlobalSection(SolutionProperties) = preSolution
		HideSolutionNode = FALSE
	EndGlobalSection
	GlobalSection(ExtensibilityGlobals) = postSolution
		SolutionGuid = {0828A0DC-08CF-4D30-91C9-A88CF83A94FB}
		        SolutionGuid = {61F7FB11-1E47-470C-91E2-47F8143E1572}
	EndGlobalSection
EndGlobal
